// !$*UTF8*$!
{
	archiveVersion = 1;
	classes = {
	};
	objectVersion = 56;
	objects = {

/* Begin PBXBuildFile section */
		5643BFA92FB0D55B001DFA7C /* ClipDrop.icon in Resources */ = {isa = PBXBuildFile; fileRef = 5643BFA82FB0D55B001DFA7C /* ClipDrop.icon */; };
		5643BFAA2FB0D55B001DFA7C /* ClipDrop.icon in Resources */ = {isa = PBXBuildFile; fileRef = 5643BFA82FB0D55B001DFA7C /* ClipDrop.icon */; };
		A00100000000000000000001 /* App/ClipDropApp.swift in Sources */ = {isa = PBXBuildFile; fileRef = A00200000000000000000001 /* App/ClipDropApp.swift */; };
		A00100000000000000000002 /* Shared/ClipDropAppConfig.swift in Sources */ = {isa = PBXBuildFile; fileRef = A00200000000000000000002 /* Shared/ClipDropAppConfig.swift */; };
		A00100000000000000000005 /* Features/Settings/ClipDropSettingsView.swift in Sources */ = {isa = PBXBuildFile; fileRef = A00200000000000000000005 /* Features/Settings/ClipDropSettingsView.swift */; };
		A00100000000000000000007 /* ClipDropTests.swift in Sources */ = {isa = PBXBuildFile; fileRef = A00200000000000000000007 /* ClipDropTests.swift */; };
		A00100000000000000000008 /* KikiSettings in Frameworks */ = {isa = PBXBuildFile; productRef = A00B00000000000000000001 /* KikiSettings */; };
		A00100000000000000000009 /* KikiMenuBar in Frameworks */ = {isa = PBXBuildFile; productRef = A00B00000000000000000002 /* KikiMenuBar */; };
		A0010000000000000000000B /* KikiSettings in Frameworks */ = {isa = PBXBuildFile; productRef = A00B00000000000000000001 /* KikiSettings */; };
		A0010000000000000000000C /* KikiMenuBar in Frameworks */ = {isa = PBXBuildFile; productRef = A00B00000000000000000002 /* KikiMenuBar */; };
		A0010000000000000000000E /* Platform/Clipboard/ClipboardHistoryStore.swift in Sources */ = {isa = PBXBuildFile; fileRef = A0020000000000000000000B /* Platform/Clipboard/ClipboardHistoryStore.swift */; };
		A0010000000000000000000F /* Platform/Sharing/ClipboardSenderService.swift in Sources */ = {isa = PBXBuildFile; fileRef = A0020000000000000000000C /* Platform/Sharing/ClipboardSenderService.swift */; };
		A00100000000000000000010 /* App/ClipDropController.swift in Sources */ = {isa = PBXBuildFile; fileRef = A0020000000000000000000D /* App/ClipDropController.swift */; };
		A00100000000000000000012 /* Features/MenuBar/ClipDropMenuPopoverView.swift in Sources */ = {isa = PBXBuildFile; fileRef = A0020000000000000000000F /* Features/MenuBar/ClipDropMenuPopoverView.swift */; };
		A00100000000000000000013 /* KikiDesign in Frameworks */ = {isa = PBXBuildFile; productRef = A00B00000000000000000004 /* KikiDesign */; };
		A00100000000000000000014 /* KikiWindow in Frameworks */ = {isa = PBXBuildFile; productRef = A00B00000000000000000005 /* KikiWindow */; };
		A00100000000000000000015 /* KikiDesign in Frameworks */ = {isa = PBXBuildFile; productRef = A00B00000000000000000004 /* KikiDesign */; };
		A00100000000000000000016 /* KikiWindow in Frameworks */ = {isa = PBXBuildFile; productRef = A00B00000000000000000005 /* KikiWindow */; };
		A00100000000000000000018 /* Features/Settings/ClipDropSettingsTab.swift in Sources */ = {isa = PBXBuildFile; fileRef = A00200000000000000000011 /* Features/Settings/ClipDropSettingsTab.swift */; };
		A00100000000000000000019 /* Platform/Clipboard/ClipboardHistoryItem.swift in Sources */ = {isa = PBXBuildFile; fileRef = A00200000000000000000012 /* Platform/Clipboard/ClipboardHistoryItem.swift */; };
		A0010000000000000000001A /* Shared/ClipDropSendPreferences.swift in Sources */ = {isa = PBXBuildFile; fileRef = A00200000000000000000013 /* Shared/ClipDropSendPreferences.swift */; };
		A0010000000000000000001B /* Shared/ClipDropDesignToken.swift in Sources */ = {isa = PBXBuildFile; fileRef = A00200000000000000000014 /* Shared/ClipDropDesignToken.swift */; };
		A0010000000000000000001C /* Features/MenuBar/ClipDropPopoverActions.swift in Sources */ = {isa = PBXBuildFile; fileRef = A00200000000000000000015 /* Features/MenuBar/ClipDropPopoverActions.swift */; };
		A0010000000000000000001D /* Features/MenuBar/ClipDropRecentItemRow.swift in Sources */ = {isa = PBXBuildFile; fileRef = A00200000000000000000016 /* Features/MenuBar/ClipDropRecentItemRow.swift */; };
		A0010000000000000000001E /* Features/MenuBar/ClipDropIconActionButton.swift in Sources */ = {isa = PBXBuildFile; fileRef = A00200000000000000000017 /* Features/MenuBar/ClipDropIconActionButton.swift */; };
		A0010000000000000000001F /* Features/MenuBar/ClipboardContentType+MenuPresentation.swift in Sources */ = {isa = PBXBuildFile; fileRef = A00200000000000000000018 /* Features/MenuBar/ClipboardContentType+MenuPresentation.swift */; };
		A00100000000000000000020 /* App/ClipDropAppDefinition.swift in Sources */ = {isa = PBXBuildFile; fileRef = A0020000000000000000001A /* App/ClipDropAppDefinition.swift */; };
		A00100000000000000000021 /* App/ClipDropAppComposition.swift in Sources */ = {isa = PBXBuildFile; fileRef = A0020000000000000000001B /* App/ClipDropAppComposition.swift */; };
		A00100000000000000000022 /* App/ClipDropAppRouter.swift in Sources */ = {isa = PBXBuildFile; fileRef = A0020000000000000000001C /* App/ClipDropAppRouter.swift */; };
		A00100000000000000000023 /* App/ClipDropLifecycleCoordinator.swift in Sources */ = {isa = PBXBuildFile; fileRef = A0020000000000000000001D /* App/ClipDropLifecycleCoordinator.swift */; };
		A00100000000000000000024 /* Shared/ClipDropPurchasePlan.swift in Sources */ = {isa = PBXBuildFile; fileRef = A0020000000000000000001E /* Shared/ClipDropPurchasePlan.swift */; };
		A00100000000000000000025 /* Shared/ClipDropRevenueCatConfiguration.swift in Sources */ = {isa = PBXBuildFile; fileRef = A0020000000000000000001F /* Shared/ClipDropRevenueCatConfiguration.swift */; };
		A00100000000000000000026 /* Features/Paywall/ClipDropPaywallSheetView.swift in Sources */ = {isa = PBXBuildFile; fileRef = A00200000000000000000020 /* Features/Paywall/ClipDropPaywallSheetView.swift */; };
		A00100000000000000000027 /* KikiCommerceCore in Frameworks */ = {isa = PBXBuildFile; productRef = A00B00000000000000000006 /* KikiCommerceCore */; };
		A00100000000000000000028 /* KikiRevenueCat in Frameworks */ = {isa = PBXBuildFile; productRef = A00B00000000000000000007 /* KikiRevenueCat */; };
		A00100000000000000000029 /* KikiCommercePresentation in Frameworks */ = {isa = PBXBuildFile; productRef = A00B00000000000000000008 /* KikiCommercePresentation */; };
		A0010000000000000000002A /* KikiCommerceCore in Frameworks */ = {isa = PBXBuildFile; productRef = A00B00000000000000000006 /* KikiCommerceCore */; };
		A0010000000000000000002B /* KikiCommerceTesting in Frameworks */ = {isa = PBXBuildFile; productRef = A00B00000000000000000009 /* KikiCommerceTesting */; };
		A0010000000000000000002C /* KikiOnboarding in Frameworks */ = {isa = PBXBuildFile; productRef = A00B0000000000000000000A /* KikiOnboarding */; };
		A0010000000000000000002D /* KikiOnboarding in Frameworks */ = {isa = PBXBuildFile; productRef = A00B0000000000000000000A /* KikiOnboarding */; };
		A0010000000000000000002E /* Features/Onboarding/ClipDropOnboardingFlow.swift in Sources */ = {isa = PBXBuildFile; fileRef = A00200000000000000000023 /* Features/Onboarding/ClipDropOnboardingFlow.swift */; };
/* End PBXBuildFile section */

/* Begin PBXContainerItemProxy section */
		A00300000000000000000001 /* PBXContainerItemProxy */ = {
			isa = PBXContainerItemProxy;
			containerPortal = A00400000000000000000001 /* Project object */;
			proxyType = 1;
			remoteGlobalIDString = A00500000000000000000001;
			remoteInfo = ClipDrop;
		};
/* End PBXContainerItemProxy section */

/* Begin PBXFileReference section */
		5643BFA82FB0D55B001DFA7C /* ClipDrop.icon */ = {isa = PBXFileReference; lastKnownFileType = folder.iconcomposer.icon; path = ClipDrop.icon; sourceTree = "<group>"; };
		56A000000000000000000001 /* ClipDrop.entitlements */ = {isa = PBXFileReference; lastKnownFileType = text.plist.entitlements; path = ClipDrop.entitlements; sourceTree = "<group>"; };
		A00200000000000000000001 /* App/ClipDropApp.swift */ = {isa = PBXFileReference; lastKnownFileType = sourcecode.swift; path = App/ClipDropApp.swift; sourceTree = "<group>"; };
		A00200000000000000000002 /* Shared/ClipDropAppConfig.swift */ = {isa = PBXFileReference; lastKnownFileType = sourcecode.swift; path = Shared/ClipDropAppConfig.swift; sourceTree = "<group>"; };
		A00200000000000000000005 /* Features/Settings/ClipDropSettingsView.swift */ = {isa = PBXFileReference; lastKnownFileType = sourcecode.swift; path = Features/Settings/ClipDropSettingsView.swift; sourceTree = "<group>"; };
		A00200000000000000000007 /* ClipDropTests.swift */ = {isa = PBXFileReference; lastKnownFileType = sourcecode.swift; path = ClipDropTests.swift; sourceTree = "<group>"; };
		A00200000000000000000008 /* ClipDrop.app */ = {isa = PBXFileReference; explicitFileType = wrapper.application; includeInIndex = 0; path = ClipDrop.app; sourceTree = BUILT_PRODUCTS_DIR; };
		A00200000000000000000009 /* ClipDropTests.xctest */ = {isa = PBXFileReference; explicitFileType = wrapper.cfbundle; includeInIndex = 0; path = ClipDropTests.xctest; sourceTree = BUILT_PRODUCTS_DIR; };
		A0020000000000000000000A /* README.md */ = {isa = PBXFileReference; lastKnownFileType = net.daringfireball.markdown; path = README.md; sourceTree = "<group>"; };
		A0020000000000000000000B /* Platform/Clipboard/ClipboardHistoryStore.swift */ = {isa = PBXFileReference; lastKnownFileType = sourcecode.swift; path = Platform/Clipboard/ClipboardHistoryStore.swift; sourceTree = "<group>"; };
		A0020000000000000000000C /* Platform/Sharing/ClipboardSenderService.swift */ = {isa = PBXFileReference; lastKnownFileType = sourcecode.swift; path = Platform/Sharing/ClipboardSenderService.swift; sourceTree = "<group>"; };
		A0020000000000000000000D /* App/ClipDropController.swift */ = {isa = PBXFileReference; lastKnownFileType = sourcecode.swift; path = App/ClipDropController.swift; sourceTree = "<group>"; };
		A0020000000000000000000F /* Features/MenuBar/ClipDropMenuPopoverView.swift */ = {isa = PBXFileReference; lastKnownFileType = sourcecode.swift; path = Features/MenuBar/ClipDropMenuPopoverView.swift; sourceTree = "<group>"; };
		A00200000000000000000011 /* Features/Settings/ClipDropSettingsTab.swift */ = {isa = PBXFileReference; lastKnownFileType = sourcecode.swift; path = Features/Settings/ClipDropSettingsTab.swift; sourceTree = "<group>"; };
		A00200000000000000000012 /* Platform/Clipboard/ClipboardHistoryItem.swift */ = {isa = PBXFileReference; lastKnownFileType = sourcecode.swift; path = Platform/Clipboard/ClipboardHistoryItem.swift; sourceTree = "<group>"; };
		A00200000000000000000013 /* Shared/ClipDropSendPreferences.swift */ = {isa = PBXFileReference; lastKnownFileType = sourcecode.swift; path = Shared/ClipDropSendPreferences.swift; sourceTree = "<group>"; };
		A00200000000000000000014 /* Shared/ClipDropDesignToken.swift */ = {isa = PBXFileReference; lastKnownFileType = sourcecode.swift; path = Shared/ClipDropDesignToken.swift; sourceTree = "<group>"; };
		A00200000000000000000015 /* Features/MenuBar/ClipDropPopoverActions.swift */ = {isa = PBXFileReference; lastKnownFileType = sourcecode.swift; path = Features/MenuBar/ClipDropPopoverActions.swift; sourceTree = "<group>"; };
		A00200000000000000000016 /* Features/MenuBar/ClipDropRecentItemRow.swift */ = {isa = PBXFileReference; lastKnownFileType = sourcecode.swift; path = Features/MenuBar/ClipDropRecentItemRow.swift; sourceTree = "<group>"; };
		A00200000000000000000017 /* Features/MenuBar/ClipDropIconActionButton.swift */ = {isa = PBXFileReference; lastKnownFileType = sourcecode.swift; path = Features/MenuBar/ClipDropIconActionButton.swift; sourceTree = "<group>"; };
		A00200000000000000000018 /* Features/MenuBar/ClipboardContentType+MenuPresentation.swift */ = {isa = PBXFileReference; lastKnownFileType = sourcecode.swift; path = "Features/MenuBar/ClipboardContentType+MenuPresentation.swift"; sourceTree = "<group>"; };
		A00200000000000000000019 /* Docs/Architecture.md */ = {isa = PBXFileReference; lastKnownFileType = net.daringfireball.markdown; path = Docs/Architecture.md; sourceTree = "<group>"; };
		A0020000000000000000001A /* App/ClipDropAppDefinition.swift */ = {isa = PBXFileReference; lastKnownFileType = sourcecode.swift; path = App/ClipDropAppDefinition.swift; sourceTree = "<group>"; };
		A0020000000000000000001B /* App/ClipDropAppComposition.swift */ = {isa = PBXFileReference; lastKnownFileType = sourcecode.swift; path = App/ClipDropAppComposition.swift; sourceTree = "<group>"; };
		A0020000000000000000001C /* App/ClipDropAppRouter.swift */ = {isa = PBXFileReference; lastKnownFileType = sourcecode.swift; path = App/ClipDropAppRouter.swift; sourceTree = "<group>"; };
		A0020000000000000000001D /* App/ClipDropLifecycleCoordinator.swift */ = {isa = PBXFileReference; lastKnownFileType = sourcecode.swift; path = App/ClipDropLifecycleCoordinator.swift; sourceTree = "<group>"; };
		A0020000000000000000001E /* Shared/ClipDropPurchasePlan.swift */ = {isa = PBXFileReference; lastKnownFileType = sourcecode.swift; path = Shared/ClipDropPurchasePlan.swift; sourceTree = "<group>"; };
		A0020000000000000000001F /* Shared/ClipDropRevenueCatConfiguration.swift */ = {isa = PBXFileReference; lastKnownFileType = sourcecode.swift; path = Shared/ClipDropRevenueCatConfiguration.swift; sourceTree = "<group>"; };
		A00200000000000000000020 /* Features/Paywall/ClipDropPaywallSheetView.swift */ = {isa = PBXFileReference; lastKnownFileType = sourcecode.swift; path = Features/Paywall/ClipDropPaywallSheetView.swift; sourceTree = "<group>"; };
		A00200000000000000000021 /* Config/RevenueCat.xcconfig */ = {isa = PBXFileReference; lastKnownFileType = text.xcconfig; path = Config/RevenueCat.xcconfig; sourceTree = "<group>"; };
		A00200000000000000000022 /* Config/AppInfo.plist */ = {isa = PBXFileReference; lastKnownFileType = text.plist.xml; path = Config/AppInfo.plist; sourceTree = "<group>"; };
		A00200000000000000000023 /* Features/Onboarding/ClipDropOnboardingFlow.swift */ = {isa = PBXFileReference; lastKnownFileType = sourcecode.swift; path = Features/Onboarding/ClipDropOnboardingFlow.swift; sourceTree = "<group>"; };
/* End PBXFileReference section */

/* Begin PBXFrameworksBuildPhase section */
		A00600000000000000000001 /* Frameworks */ = {
			isa = PBXFrameworksBuildPhase;
			buildActionMask = 2147483647;
			files = (
				A00100000000000000000008 /* KikiSettings in Frameworks */,
				A00100000000000000000009 /* KikiMenuBar in Frameworks */,
				A00100000000000000000013 /* KikiDesign in Frameworks */,
				A00100000000000000000014 /* KikiWindow in Frameworks */,
				A00100000000000000000027 /* KikiCommerceCore in Frameworks */,
				A00100000000000000000028 /* KikiRevenueCat in Frameworks */,
				A00100000000000000000029 /* KikiCommercePresentation in Frameworks */,
				A0010000000000000000002C /* KikiOnboarding in Frameworks */,
			);
			runOnlyForDeploymentPostprocessing = 0;
		};
		A00600000000000000000002 /* Frameworks */ = {
			isa = PBXFrameworksBuildPhase;
			buildActionMask = 2147483647;
			files = (
				A0010000000000000000000B /* KikiSettings in Frameworks */,
				A0010000000000000000000C /* KikiMenuBar in Frameworks */,
				A00100000000000000000015 /* KikiDesign in Frameworks */,
				A00100000000000000000016 /* KikiWindow in Frameworks */,
				A0010000000000000000002A /* KikiCommerceCore in Frameworks */,
				A0010000000000000000002B /* KikiCommerceTesting in Frameworks */,
				A0010000000000000000002D /* KikiOnboarding in Frameworks */,
			);
			runOnlyForDeploymentPostprocessing = 0;
		};
/* End PBXFrameworksBuildPhase section */

/* Begin PBXGroup section */
		A00700000000000000000001 = {
			isa = PBXGroup;
			children = (
				A0020000000000000000000A /* README.md */,
					A0070000000000000000000F /* Docs */,
					A00700000000000000000011 /* Config */,
				A00700000000000000000002 /* ClipDrop */,
				A00700000000000000000003 /* ClipDropTests */,
				A00700000000000000000004 /* Products */,
				5643BFA82FB0D55B001DFA7C /* ClipDrop.icon */,
			);
			sourceTree = "<group>";
		};
		A00700000000000000000002 /* ClipDrop */ = {
			isa = PBXGroup;
			children = (
				A00700000000000000000005 /* App */,
				A00700000000000000000007 /* Features */,
				A0070000000000000000000B /* Platform */,
				56A000000000000000000001 /* ClipDrop.entitlements */,
				A0070000000000000000000E /* Shared */,
			);
			path = ClipDrop;
			sourceTree = "<group>";
		};
		A00700000000000000000003 /* ClipDropTests */ = {
			isa = PBXGroup;
			children = (
				A00200000000000000000007 /* ClipDropTests.swift */,
			);
			path = ClipDropTests;
			sourceTree = "<group>";
		};
		A00700000000000000000004 /* Products */ = {
			isa = PBXGroup;
			children = (
				A00200000000000000000008 /* ClipDrop.app */,
				A00200000000000000000009 /* ClipDropTests.xctest */,
			);
			name = Products;
			sourceTree = "<group>";
		};
		A00700000000000000000005 /* App */ = {
			isa = PBXGroup;
			children = (
				A00200000000000000000001 /* App/ClipDropApp.swift */,
				A0020000000000000000000D /* App/ClipDropController.swift */,
				A0020000000000000000001A /* App/ClipDropAppDefinition.swift */,
				A0020000000000000000001B /* App/ClipDropAppComposition.swift */,
				A0020000000000000000001C /* App/ClipDropAppRouter.swift */,
				A0020000000000000000001D /* App/ClipDropLifecycleCoordinator.swift */,
			);
			name = App;
			sourceTree = "<group>";
		};
		A00700000000000000000007 /* Features */ = {
			isa = PBXGroup;
			children = (
				A00700000000000000000008 /* MenuBar */,
				A00700000000000000000012 /* Onboarding */,
				A00700000000000000000010 /* Paywall */,
				A00700000000000000000009 /* Settings */,
			);
			name = Features;
			sourceTree = "<group>";
		};
		A00700000000000000000008 /* MenuBar */ = {
			isa = PBXGroup;
			children = (
				A0020000000000000000000F /* Features/MenuBar/ClipDropMenuPopoverView.swift */,
				A00200000000000000000015 /* Features/MenuBar/ClipDropPopoverActions.swift */,
				A00200000000000000000016 /* Features/MenuBar/ClipDropRecentItemRow.swift */,
				A00200000000000000000017 /* Features/MenuBar/ClipDropIconActionButton.swift */,
				A00200000000000000000018 /* Features/MenuBar/ClipboardContentType+MenuPresentation.swift */,
			);
			name = MenuBar;
			sourceTree = "<group>";
		};
		A00700000000000000000009 /* Settings */ = {
			isa = PBXGroup;
			children = (
				A00200000000000000000005 /* Features/Settings/ClipDropSettingsView.swift */,
				A00200000000000000000011 /* Features/Settings/ClipDropSettingsTab.swift */,
			);
			name = Settings;
			sourceTree = "<group>";
		};
		A00700000000000000000010 /* Paywall */ = {
			isa = PBXGroup;
			children = (
				A00200000000000000000020 /* Features/Paywall/ClipDropPaywallSheetView.swift */,
			);
			name = Paywall;
			sourceTree = "<group>";
		};
		A00700000000000000000012 /* Onboarding */ = {
			isa = PBXGroup;
			children = (
				A00200000000000000000023 /* Features/Onboarding/ClipDropOnboardingFlow.swift */,
			);
			name = Onboarding;
			sourceTree = "<group>";
		};
		A0070000000000000000000B /* Platform */ = {
			isa = PBXGroup;
			children = (
				A0070000000000000000000C /* Clipboard */,
				A0070000000000000000000D /* Sharing */,
			);
			name = Platform;
			sourceTree = "<group>";
		};
		A0070000000000000000000C /* Clipboard */ = {
			isa = PBXGroup;
			children = (
				A00200000000000000000012 /* Platform/Clipboard/ClipboardHistoryItem.swift */,
				A0020000000000000000000B /* Platform/Clipboard/ClipboardHistoryStore.swift */,
			);
			name = Clipboard;
			sourceTree = "<group>";
		};
		A0070000000000000000000D /* Sharing */ = {
			isa = PBXGroup;
			children = (
				A0020000000000000000000C /* Platform/Sharing/ClipboardSenderService.swift */,
			);
			name = Sharing;
			sourceTree = "<group>";
		};
		A0070000000000000000000E /* Shared */ = {
			isa = PBXGroup;
			children = (
				A00200000000000000000002 /* Shared/ClipDropAppConfig.swift */,
				A0020000000000000000001E /* Shared/ClipDropPurchasePlan.swift */,
				A0020000000000000000001F /* Shared/ClipDropRevenueCatConfiguration.swift */,
				A00200000000000000000013 /* Shared/ClipDropSendPreferences.swift */,
				A00200000000000000000014 /* Shared/ClipDropDesignToken.swift */,
			);
			name = Shared;
			sourceTree = "<group>";
		};
		A00700000000000000000011 /* Config */ = {
			isa = PBXGroup;
			children = (
				A00200000000000000000022 /* Config/AppInfo.plist */,
				A00200000000000000000021 /* Config/RevenueCat.xcconfig */,
			);
			name = Config;
			sourceTree = "<group>";
		};
		A0070000000000000000000F /* Docs */ = {
			isa = PBXGroup;
			children = (
				A00200000000000000000019 /* Docs/Architecture.md */,
			);
			name = Docs;
			sourceTree = "<group>";
		};
/* End PBXGroup section */

/* Begin PBXNativeTarget section */
		A00500000000000000000001 /* ClipDrop */ = {
			isa = PBXNativeTarget;
			buildConfigurationList = A00800000000000000000001 /* Build configuration list for PBXNativeTarget "ClipDrop" */;
			buildPhases = (
				A00900000000000000000001 /* Sources */,
				A00600000000000000000001 /* Frameworks */,
				A00A00000000000000000001 /* Resources */,
				A00F00000000000000000001 /* Verify RevenueCat API Key */,
			);
			buildRules = (
			);
			dependencies = (
			);
			name = ClipDrop;
			packageProductDependencies = (
				A00B00000000000000000001 /* KikiSettings */,
				A00B00000000000000000002 /* KikiMenuBar */,
				A00B00000000000000000004 /* KikiDesign */,
				A00B00000000000000000005 /* KikiWindow */,
				A00B00000000000000000006 /* KikiCommerceCore */,
				A00B00000000000000000007 /* KikiRevenueCat */,
				A00B00000000000000000008 /* KikiCommercePresentation */,
				A00B0000000000000000000A /* KikiOnboarding */,
			);
			productName = ClipDrop;
			productReference = A00200000000000000000008 /* ClipDrop.app */;
			productType = "com.apple.product-type.application";
		};
		A00500000000000000000002 /* ClipDropTests */ = {
			isa = PBXNativeTarget;
			buildConfigurationList = A00800000000000000000002 /* Build configuration list for PBXNativeTarget "ClipDropTests" */;
			buildPhases = (
				A00900000000000000000002 /* Sources */,
				A00600000000000000000002 /* Frameworks */,
				A00A00000000000000000002 /* Resources */,
			);
			buildRules = (
			);
			dependencies = (
				A00C00000000000000000001 /* PBXTargetDependency */,
			);
			name = ClipDropTests;
			packageProductDependencies = (
				A00B00000000000000000001 /* KikiSettings */,
				A00B00000000000000000002 /* KikiMenuBar */,
				A00B00000000000000000004 /* KikiDesign */,
				A00B00000000000000000005 /* KikiWindow */,
				A00B00000000000000000006 /* KikiCommerceCore */,
				A00B00000000000000000009 /* KikiCommerceTesting */,
				A00B0000000000000000000A /* KikiOnboarding */,
			);
			productName = ClipDropTests;
			productReference = A00200000000000000000009 /* ClipDropTests.xctest */;
			productType = "com.apple.product-type.bundle.unit-test";
		};
/* End PBXNativeTarget section */

/* Begin PBXProject section */
		A00400000000000000000001 /* Project object */ = {
			isa = PBXProject;
			attributes = {
				BuildIndependentTargetsInParallel = 1;
				LastSwiftUpdateCheck = 2640;
				LastUpgradeCheck = 2640;
				TargetAttributes = {
					A00500000000000000000001 = {
						CreatedOnToolsVersion = 26.4.1;
					};
					A00500000000000000000002 = {
						CreatedOnToolsVersion = 26.4.1;
						TestTargetID = A00500000000000000000001;
					};
				};
			};
			buildConfigurationList = A00800000000000000000003 /* Build configuration list for PBXProject "ClipDrop" */;
			compatibilityVersion = "Xcode 14.0";
			developmentRegion = en;
			hasScannedForEncodings = 0;
			knownRegions = (
				en,
				Base,
			);
			mainGroup = A00700000000000000000001;
			packageReferences = (
				A00D00000000000000000001 /* XCRemoteSwiftPackageReference "Kiki_mackit" */,
				A00D00000000000000000002 /* XCRemoteSwiftPackageReference "KikiCommerceKit" */,
			);
			productRefGroup = A00700000000000000000004 /* Products */;
			projectDirPath = "";
			projectRoot = "";
			targets = (
				A00500000000000000000001 /* ClipDrop */,
				A00500000000000000000002 /* ClipDropTests */,
			);
		};
/* End PBXProject section */

/* Begin PBXResourcesBuildPhase section */
		A00A00000000000000000001 /* Resources */ = {
			isa = PBXResourcesBuildPhase;
			buildActionMask = 2147483647;
			files = (
				5643BFAA2FB0D55B001DFA7C /* ClipDrop.icon in Resources */,
			);
			runOnlyForDeploymentPostprocessing = 0;
		};
		A00A00000000000000000002 /* Resources */ = {
			isa = PBXResourcesBuildPhase;
			buildActionMask = 2147483647;
			files = (
				5643BFA92FB0D55B001DFA7C /* ClipDrop.icon in Resources */,
			);
			runOnlyForDeploymentPostprocessing = 0;
		};
/* End PBXResourcesBuildPhase section */

/* Begin PBXShellScriptBuildPhase section */
		A00F00000000000000000001 /* Verify RevenueCat API Key */ = {
			isa = PBXShellScriptBuildPhase;
			alwaysOutOfDate = 1;
			buildActionMask = 2147483647;
			files = (
			);
			inputFileListPaths = (
			);
			inputPaths = (
				"$(SRCROOT)/script/verify_revenuecat_api_key.sh",
				"$(SRCROOT)/Config/RevenueCat.xcconfig",
				"$(TARGET_BUILD_DIR)/$(INFOPLIST_PATH)",
			);
			name = "Verify RevenueCat API Key";
			outputFileListPaths = (
			);
			outputPaths = (
			);
			runOnlyForDeploymentPostprocessing = 0;
			shellPath = /bin/zsh;
			shellScript = "\"$SRCROOT/script/verify_revenuecat_api_key.sh\"";
		};
/* End PBXShellScriptBuildPhase section */

/* Begin PBXSourcesBuildPhase section */
		A00900000000000000000001 /* Sources */ = {
			isa = PBXSourcesBuildPhase;
			buildActionMask = 2147483647;
			files = (
				A00100000000000000000001 /* App/ClipDropApp.swift in Sources */,
				A00100000000000000000002 /* Shared/ClipDropAppConfig.swift in Sources */,
				A00100000000000000000005 /* Features/Settings/ClipDropSettingsView.swift in Sources */,
				A0010000000000000000000E /* Platform/Clipboard/ClipboardHistoryStore.swift in Sources */,
				A0010000000000000000000F /* Platform/Sharing/ClipboardSenderService.swift in Sources */,
				A00100000000000000000010 /* App/ClipDropController.swift in Sources */,
				A00100000000000000000012 /* Features/MenuBar/ClipDropMenuPopoverView.swift in Sources */,
				A00100000000000000000018 /* Features/Settings/ClipDropSettingsTab.swift in Sources */,
				A00100000000000000000019 /* Platform/Clipboard/ClipboardHistoryItem.swift in Sources */,
				A0010000000000000000001A /* Shared/ClipDropSendPreferences.swift in Sources */,
				A0010000000000000000001B /* Shared/ClipDropDesignToken.swift in Sources */,
				A0010000000000000000001C /* Features/MenuBar/ClipDropPopoverActions.swift in Sources */,
				A0010000000000000000001D /* Features/MenuBar/ClipDropRecentItemRow.swift in Sources */,
				A0010000000000000000001E /* Features/MenuBar/ClipDropIconActionButton.swift in Sources */,
				A0010000000000000000001F /* Features/MenuBar/ClipboardContentType+MenuPresentation.swift in Sources */,
				A00100000000000000000020 /* App/ClipDropAppDefinition.swift in Sources */,
				A00100000000000000000021 /* App/ClipDropAppComposition.swift in Sources */,
				A00100000000000000000022 /* App/ClipDropAppRouter.swift in Sources */,
				A00100000000000000000023 /* App/ClipDropLifecycleCoordinator.swift in Sources */,
				A00100000000000000000024 /* Shared/ClipDropPurchasePlan.swift in Sources */,
				A00100000000000000000025 /* Shared/ClipDropRevenueCatConfiguration.swift in Sources */,
				A00100000000000000000026 /* Features/Paywall/ClipDropPaywallSheetView.swift in Sources */,
				A0010000000000000000002E /* Features/Onboarding/ClipDropOnboardingFlow.swift in Sources */,
			);
			runOnlyForDeploymentPostprocessing = 0;
		};
		A00900000000000000000002 /* Sources */ = {
			isa = PBXSourcesBuildPhase;
			buildActionMask = 2147483647;
			files = (
				A00100000000000000000007 /* ClipDropTests.swift in Sources */,
			);
			runOnlyForDeploymentPostprocessing = 0;
		};
/* End PBXSourcesBuildPhase section */

/* Begin PBXTargetDependency section */
		A00C00000000000000000001 /* PBXTargetDependency */ = {
			isa = PBXTargetDependency;
			target = A00500000000000000000001 /* ClipDrop */;
			targetProxy = A00300000000000000000001 /* PBXContainerItemProxy */;
		};
/* End PBXTargetDependency section */

/* Begin XCBuildConfiguration section */
		A00E00000000000000000001 /* Debug */ = {
			isa = XCBuildConfiguration;
			buildSettings = {
				ALWAYS_SEARCH_USER_PATHS = NO;
				CLANG_ANALYZER_NONNULL = YES;
				CLANG_ANALYZER_NUMBER_OBJECT_CONVERSION = YES_AGGRESSIVE;
				CLANG_CXX_LANGUAGE_STANDARD = "gnu++20";
				CLANG_ENABLE_MODULES = YES;
				CLANG_ENABLE_OBJC_ARC = YES;
				CLANG_ENABLE_OBJC_WEAK = YES;
				CLANG_WARN_BLOCK_CAPTURE_AUTORELEASING = YES;
				CLANG_WARN_BOOL_CONVERSION = YES;
				CLANG_WARN_COMMA = YES;
				CLANG_WARN_CONSTANT_CONVERSION = YES;
				CLANG_WARN_DEPRECATED_OBJC_IMPLEMENTATIONS = YES;
				CLANG_WARN_DIRECT_OBJC_ISA_USAGE = YES_ERROR;
				CLANG_WARN_DOCUMENTATION_COMMENTS = YES;
				CLANG_WARN_EMPTY_BODY = YES;
				CLANG_WARN_ENUM_CONVERSION = YES;
				CLANG_WARN_INFINITE_RECURSION = YES;
				CLANG_WARN_INT_CONVERSION = YES;
				CLANG_WARN_NON_LITERAL_NULL_CONVERSION = YES;
				CLANG_WARN_OBJC_IMPLICIT_RETAIN_SELF = YES;
				CLANG_WARN_OBJC_LITERAL_CONVERSION = YES;
				CLANG_WARN_OBJC_ROOT_CLASS = YES_ERROR;
				CLANG_WARN_QUOTED_INCLUDE_IN_FRAMEWORK_HEADER = YES;
				CLANG_WARN_RANGE_LOOP_ANALYSIS = YES;
				CLANG_WARN_STRICT_PROTOTYPES = YES;
				CLANG_WARN_SUSPICIOUS_MOVE = YES;
				CLANG_WARN_UNGUARDED_AVAILABILITY = YES_AGGRESSIVE;
				CLANG_WARN_UNREACHABLE_CODE = YES;
				CLANG_WARN__DUPLICATE_METHOD_MATCH = YES;
				COPY_PHASE_STRIP = NO;
				DEBUG_INFORMATION_FORMAT = dwarf;
				ENABLE_STRICT_OBJC_MSGSEND = YES;
				ENABLE_TESTABILITY = YES;
				ENABLE_USER_SCRIPT_SANDBOXING = YES;
				GCC_C_LANGUAGE_STANDARD = gnu17;
				GCC_DYNAMIC_NO_PIC = NO;
				GCC_NO_COMMON_BLOCKS = YES;
				GCC_OPTIMIZATION_LEVEL = 0;
				GCC_PREPROCESSOR_DEFINITIONS = (
					"DEBUG=1",
					"$(inherited)",
				);
				GCC_WARN_64_TO_32_BIT_CONVERSION = YES;
				GCC_WARN_ABOUT_RETURN_TYPE = YES_ERROR;
				GCC_WARN_UNDECLARED_SELECTOR = YES;
				GCC_WARN_UNINITIALIZED_AUTOS = YES_AGGRESSIVE;
				GCC_WARN_UNUSED_FUNCTION = YES;
				GCC_WARN_UNUSED_VARIABLE = YES;
				MACOSX_DEPLOYMENT_TARGET = 13.0;
				MTL_ENABLE_DEBUG_INFO = INCLUDE_SOURCE;
				MTL_FAST_MATH = YES;
				ONLY_ACTIVE_ARCH = YES;
				SDKROOT = macosx;
				SWIFT_ACTIVE_COMPILATION_CONDITIONS = DEBUG;
				SWIFT_OPTIMIZATION_LEVEL = "-Onone";
			};
			name = Debug;
		};
		A00E00000000000000000002 /* Release */ = {
			isa = XCBuildConfiguration;
			buildSettings = {
				ALWAYS_SEARCH_USER_PATHS = NO;
				CLANG_ANALYZER_NONNULL = YES;
				CLANG_ANALYZER_NUMBER_OBJECT_CONVERSION = YES_AGGRESSIVE;
				CLANG_CXX_LANGUAGE_STANDARD = "gnu++20";
				CLANG_ENABLE_MODULES = YES;
				CLANG_ENABLE_OBJC_ARC = YES;
				CLANG_ENABLE_OBJC_WEAK = YES;
				CLANG_WARN_BLOCK_CAPTURE_AUTORELEASING = YES;
				CLANG_WARN_BOOL_CONVERSION = YES;
				CLANG_WARN_COMMA = YES;
				CLANG_WARN_CONSTANT_CONVERSION = YES;
				CLANG_WARN_DEPRECATED_OBJC_IMPLEMENTATIONS = YES;
				CLANG_WARN_DIRECT_OBJC_ISA_USAGE = YES_ERROR;
				CLANG_WARN_DOCUMENTATION_COMMENTS = YES;
				CLANG_WARN_EMPTY_BODY = YES;
				CLANG_WARN_ENUM_CONVERSION = YES;
				CLANG_WARN_INFINITE_RECURSION = YES;
				CLANG_WARN_INT_CONVERSION = YES;
				CLANG_WARN_NON_LITERAL_NULL_CONVERSION = YES;
				CLANG_WARN_OBJC_IMPLICIT_RETAIN_SELF = YES;
				CLANG_WARN_OBJC_LITERAL_CONVERSION = YES;
				CLANG_WARN_OBJC_ROOT_CLASS = YES_ERROR;
				CLANG_WARN_QUOTED_INCLUDE_IN_FRAMEWORK_HEADER = YES;
				CLANG_WARN_RANGE_LOOP_ANALYSIS = YES;
				CLANG_WARN_STRICT_PROTOTYPES = YES;
				CLANG_WARN_SUSPICIOUS_MOVE = YES;
				CLANG_WARN_UNGUARDED_AVAILABILITY = YES_AGGRESSIVE;
				CLANG_WARN_UNREACHABLE_CODE = YES;
				CLANG_WARN__DUPLICATE_METHOD_MATCH = YES;
				COPY_PHASE_STRIP = NO;
				DEBUG_INFORMATION_FORMAT = "dwarf-with-dsym";
				ENABLE_NS_ASSERTIONS = NO;
				ENABLE_STRICT_OBJC_MSGSEND = YES;
				ENABLE_USER_SCRIPT_SANDBOXING = YES;
				GCC_C_LANGUAGE_STANDARD = gnu17;
				GCC_NO_COMMON_BLOCKS = YES;
				GCC_WARN_64_TO_32_BIT_CONVERSION = YES;
				GCC_WARN_ABOUT_RETURN_TYPE = YES_ERROR;
				GCC_WARN_UNDECLARED_SELECTOR = YES;
				GCC_WARN_UNINITIALIZED_AUTOS = YES_AGGRESSIVE;
				GCC_WARN_UNUSED_FUNCTION = YES;
				GCC_WARN_UNUSED_VARIABLE = YES;
				MACOSX_DEPLOYMENT_TARGET = 13.0;
				MTL_ENABLE_DEBUG_INFO = NO;
				MTL_FAST_MATH = YES;
				SDKROOT = macosx;
				SWIFT_COMPILATION_MODE = wholemodule;
				SWIFT_OPTIMIZATION_LEVEL = "-O";
			};
			name = Release;
		};
		A00E00000000000000000003 /* Debug */ = {
			isa = XCBuildConfiguration;
			baseConfigurationReference = A00200000000000000000021 /* Config/RevenueCat.xcconfig */;
			buildSettings = {
				ASSETCATALOG_COMPILER_APPICON_NAME = ClipDrop;
				ASSETCATALOG_COMPILER_INCLUDE_ALL_APPICON_ASSETS = NO;
				CODE_SIGN_ENTITLEMENTS = ClipDrop/ClipDrop.entitlements;
				CODE_SIGN_IDENTITY = "Apple Development";
				"CODE_SIGN_IDENTITY[sdk=macosx*]" = "Apple Development";
				CODE_SIGN_STYLE = Automatic;
				CURRENT_PROJECT_VERSION = 3;
				DEVELOPMENT_TEAM = Q3DZRXLGA3;
				ENABLE_PREVIEWS = YES;
				GENERATE_INFOPLIST_FILE = NO;
				INFOPLIST_FILE = Config/AppInfo.plist;
				INFOPLIST_KEY_CFBundleDisplayName = "Clipboard Drop";
				INFOPLIST_KEY_LSApplicationCategoryType = "public.app-category.productivity";
				INFOPLIST_KEY_LSUIElement = YES;
				INFOPLIST_KEY_NSPrincipalClass = NSApplication;
				MARKETING_VERSION = 1.1.0;
				PRODUCT_BUNDLE_IDENTIFIER = dev.kkuk.clipboarddrop;
				PRODUCT_NAME = "$(TARGET_NAME)";
				PROVISIONING_PROFILE_SPECIFIER = "";
				SWIFT_ACTIVE_COMPILATION_CONDITIONS = "$(inherited) APPLE_SANDBOX";
				SWIFT_EMIT_LOC_STRINGS = YES;
				SWIFT_VERSION = 5.0;
			};
			name = Debug;
		};
		A00E00000000000000000004 /* Release */ = {
			isa = XCBuildConfiguration;
			baseConfigurationReference = A00200000000000000000021 /* Config/RevenueCat.xcconfig */;
			buildSettings = {
				ASSETCATALOG_COMPILER_APPICON_NAME = ClipDrop;
				ASSETCATALOG_COMPILER_INCLUDE_ALL_APPICON_ASSETS = NO;
				CODE_SIGN_ENTITLEMENTS = ClipDrop/ClipDrop.entitlements;
				CODE_SIGN_IDENTITY = "Apple Development";
				"CODE_SIGN_IDENTITY[sdk=macosx*]" = "Apple Development";
				CODE_SIGN_STYLE = Automatic;
				CURRENT_PROJECT_VERSION = 3;
				DEVELOPMENT_TEAM = Q3DZRXLGA3;
				ENABLE_PREVIEWS = YES;
				GENERATE_INFOPLIST_FILE = NO;
				INFOPLIST_FILE = Config/AppInfo.plist;
				INFOPLIST_KEY_CFBundleDisplayName = "Clipboard Drop";
				INFOPLIST_KEY_LSApplicationCategoryType = "public.app-category.productivity";
				INFOPLIST_KEY_LSUIElement = YES;
				INFOPLIST_KEY_NSPrincipalClass = NSApplication;
				MARKETING_VERSION = 1.1.0;
				PRODUCT_BUNDLE_IDENTIFIER = dev.kkuk.clipboarddrop;
				PRODUCT_NAME = "$(TARGET_NAME)";
				PROVISIONING_PROFILE_SPECIFIER = "";
				SWIFT_EMIT_LOC_STRINGS = YES;
				SWIFT_VERSION = 5.0;
			};
			name = Release;
		};
		A00E00000000000000000005 /* Debug */ = {
			isa = XCBuildConfiguration;
			buildSettings = {
				BUNDLE_LOADER = "$(TEST_HOST)";
				CODE_SIGN_IDENTITY = "-";
				CODE_SIGN_STYLE = Manual;
				GENERATE_INFOPLIST_FILE = YES;
				MACOSX_DEPLOYMENT_TARGET = 13.0;
				PRODUCT_BUNDLE_IDENTIFIER = dev.kkuk.clipboarddrop.tests;
				PRODUCT_NAME = "$(TARGET_NAME)";
				SWIFT_VERSION = 5.0;
				TEST_HOST = "$(BUILT_PRODUCTS_DIR)/ClipDrop.app/Contents/MacOS/ClipDrop";
			};
			name = Debug;
		};
		A00E00000000000000000006 /* Release */ = {
			isa = XCBuildConfiguration;
			buildSettings = {
				BUNDLE_LOADER = "$(TEST_HOST)";
				CODE_SIGN_IDENTITY = "-";
				CODE_SIGN_STYLE = Manual;
				GENERATE_INFOPLIST_FILE = YES;
				MACOSX_DEPLOYMENT_TARGET = 13.0;
				PRODUCT_BUNDLE_IDENTIFIER = dev.kkuk.clipboarddrop.tests;
				PRODUCT_NAME = "$(TARGET_NAME)";
				SWIFT_VERSION = 5.0;
				TEST_HOST = "$(BUILT_PRODUCTS_DIR)/ClipDrop.app/Contents/MacOS/ClipDrop";
			};
			name = Release;
		};
/* End XCBuildConfiguration section */

/* Begin XCConfigurationList section */
		A00800000000000000000001 /* Build configuration list for PBXNativeTarget "ClipDrop" */ = {
			isa = XCConfigurationList;
			buildConfigurations = (
				A00E00000000000000000003 /* Debug */,
				A00E00000000000000000004 /* Release */,
			);
			defaultConfigurationIsVisible = 0;
			defaultConfigurationName = Release;
		};
		A00800000000000000000002 /* Build configuration list for PBXNativeTarget "ClipDropTests" */ = {
			isa = XCConfigurationList;
			buildConfigurations = (
				A00E00000000000000000005 /* Debug */,
				A00E00000000000000000006 /* Release */,
			);
			defaultConfigurationIsVisible = 0;
			defaultConfigurationName = Release;
		};
		A00800000000000000000003 /* Build configuration list for PBXProject "ClipDrop" */ = {
			isa = XCConfigurationList;
			buildConfigurations = (
				A00E00000000000000000001 /* Debug */,
				A00E00000000000000000002 /* Release */,
			);
			defaultConfigurationIsVisible = 0;
			defaultConfigurationName = Release;
		};
/* End XCConfigurationList section */


/* Begin XCRemoteSwiftPackageReference section */
		A00D00000000000000000001 /* XCRemoteSwiftPackageReference "Kiki_mackit" */ = {
			isa = XCRemoteSwiftPackageReference;
			repositoryURL = "https://github.com/Feng6611/Kiki_mackit.git";
			requirement = {
				kind = exactVersion;
				version = 0.9.0;
			};
		};
		A00D00000000000000000002 /* XCRemoteSwiftPackageReference "KikiCommerceKit" */ = {
			isa = XCRemoteSwiftPackageReference;
			repositoryURL = "https://github.com/Feng6611/KikiCommerceKit.git";
			requirement = {
				kind = exactVersion;
				version = 0.2.0;
			};
		};
/* End XCRemoteSwiftPackageReference section */

/* Begin XCSwiftPackageProductDependency section */
		A00B00000000000000000001 /* KikiSettings */ = {
			isa = XCSwiftPackageProductDependency;
			package = A00D00000000000000000001 /* XCRemoteSwiftPackageReference "Kiki_mackit" */;
			productName = KikiSettings;
		};
		A00B00000000000000000002 /* KikiMenuBar */ = {
			isa = XCSwiftPackageProductDependency;
			package = A00D00000000000000000001 /* XCRemoteSwiftPackageReference "Kiki_mackit" */;
			productName = KikiMenuBar;
		};
		A00B00000000000000000004 /* KikiDesign */ = {
			isa = XCSwiftPackageProductDependency;
			package = A00D00000000000000000001 /* XCRemoteSwiftPackageReference "Kiki_mackit" */;
			productName = KikiDesign;
		};
		A00B00000000000000000005 /* KikiWindow */ = {
			isa = XCSwiftPackageProductDependency;
			package = A00D00000000000000000001 /* XCRemoteSwiftPackageReference "Kiki_mackit" */;
			productName = KikiWindow;
		};
		A00B00000000000000000006 /* KikiCommerceCore */ = {
			isa = XCSwiftPackageProductDependency;
			package = A00D00000000000000000002 /* XCRemoteSwiftPackageReference "KikiCommerceKit" */;
			productName = KikiCommerceCore;
		};
		A00B00000000000000000007 /* KikiRevenueCat */ = {
			isa = XCSwiftPackageProductDependency;
			package = A00D00000000000000000002 /* XCRemoteSwiftPackageReference "KikiCommerceKit" */;
			productName = KikiRevenueCat;
		};
		A00B00000000000000000008 /* KikiCommercePresentation */ = {
			isa = XCSwiftPackageProductDependency;
			package = A00D00000000000000000002 /* XCRemoteSwiftPackageReference "KikiCommerceKit" */;
			productName = KikiCommercePresentation;
		};
		A00B00000000000000000009 /* KikiCommerceTesting */ = {
			isa = XCSwiftPackageProductDependency;
			package = A00D00000000000000000002 /* XCRemoteSwiftPackageReference "KikiCommerceKit" */;
			productName = KikiCommerceTesting;
		};
		A00B0000000000000000000A /* KikiOnboarding */ = {
			isa = XCSwiftPackageProductDependency;
			package = A00D00000000000000000001 /* XCRemoteSwiftPackageReference "Kiki_mackit" */;
			productName = KikiOnboarding;
		};
/* End XCSwiftPackageProductDependency section */
	};
	rootObject = A00400000000000000000001 /* Project object */;
}
